
Microsoft Visual Studio Solution File, Format Version 12.00
# Visual Studio 15
VisualStudioVersion = 15.0.28307.329
MinimumVisualStudioVersion = 10.0.40219.1
Project("{FAE04EC0-301F-11D3-BF4B-00C04F79EFBC}") = "SWD18_Assignment1_PageNavigation", "SWD18_Assignment1_PageNavigation\SWD18_Assignment1_PageNavigation.csproj", "{B208977E-9465-4302-9447-9E888A83CD8D}"
EndProject
Global
	GlobalSection(SolutionConfigurationPlatforms) = preSolution
		Debug|Any CPU = Debug|Any CPU
		Release|Any CPU = Release|Any CPU
	EndGlobalSection
	GlobalSection(ProjectConfigurationPlatforms) = postSolution
		{B208977E-9465-4302-9447-9E888A83CD8D}.Debug|Any CPU.ActiveCfg = Debug|Any CPU
		{B208977E-9465-4302-9447-9E888A83CD8D}.Debug|Any CPU.Build.0 = Debug|Any CPU
		{B208977E-9465-4302-9447-9E888A83CD8D}.Release|Any CPU.ActiveCfg = Release|Any CPU
		{B208977E-9465-4302-9447-9E888A83CD8D}.Release|Any CPU.Build.0 = Release|Any CPU
	EndGlobalSection
	GlobalSection(SolutionProperties) = preSolution
		HideSolutionNode = FALSE
	EndGlobalSection
	GlobalSection(ExtensibilityGlobals) = postSolution
		SolutionGuid = {037EC020-52C5-4D25-B5B0-198D8BDF265D}
	EndGlobalSection
EndGlobal
